
Microsoft Visual Studio Solution File, Format Version 12.00
# Visual Studio Version 17
VisualStudioVersion = 17.11.35312.102
MinimumVisualStudioVersion = 10.0.40219.1
Project("{8BC9CEB8-8B4A-11D0-8D11-00A0C91BC942}") = "DarkAndDarker-ProcessEvent-Hook", "DarkAndDarker-ProcessEvent-Hook\DarkAndDarker-ProcessEvent-Hook.vcxproj", "{032B2BF4-C06A-42C0-AC99-885A1E643D53}"
EndProject
Global
	GlobalSection(SolutionConfigurationPlatforms) = preSolution
		Debug|x64 = Debug|x64
		Debug|x86 = Debug|x86
		Release|x64 = Release|x64
		Release|x86 = Release|x86
	EndGlobalSection
	GlobalSection(ProjectConfigurationPlatforms) = postSolution
		{032B2BF4-C06A-42C0-AC99-885A1E643D53}.Debug|x64.ActiveCfg = Debug|x64
		{032B2BF4-C06A-42C0-AC99-885A1E643D53}.Debug|x64.Build.0 = Debug|x64
		{032B2BF4-C06A-42C0-AC99-885A1E643D53}.Debug|x86.ActiveCfg = Debug|Win32
		{032B2BF4-C06A-42C0-AC99-885A1E643D53}.Debug|x86.Build.0 = Debug|Win32
		{032B2BF4-C06A-42C0-AC99-885A1E643D53}.Release|x64.ActiveCfg = Release|x64
		{032B2BF4-C06A-42C0-AC99-885A1E643D53}.Release|x64.Build.0 = Release|x64
		{032B2BF4-C06A-42C0-AC99-885A1E643D53}.Release|x86.ActiveCfg = Release|Win32
		{032B2BF4-C06A-42C0-AC99-885A1E643D53}.Release|x86.Build.0 = Release|Win32
	EndGlobalSection
	GlobalSection(SolutionProperties) = preSolution
		HideSolutionNode = FALSE
	EndGlobalSection
	GlobalSection(ExtensibilityGlobals) = postSolution
		SolutionGuid = {A5375705-0167-4B28-BE6F-5CDDA9C8102A}
	EndGlobalSection
EndGlobal
